{
  "name": "pts",
  "lockfileVersion": 3,
  "requires": true,
  "packages": {
    "": {
      "name": "pts",
      "workspaces": [
        "packages/*"
      ]
    },
    "node_modules/@pts/tokens": {
      "resolved": "packages/tokens",
      "link": true
    },
    "packages/tokens": {
      "name": "@pts/tokens",
      "version": "0.0.0"
    }
  }
}
